
Microsoft Visual Studio Solution File, Format Version 12.00
# Visual Studio 15
VisualStudioVersion = 15.0.27703.2047
MinimumVisualStudioVersion = 10.0.40219.1
Project("{8BC9CEB8-8B4A-11D0-8D11-00A0C91BC942}") = "DayOne", "DayOne\DayOne.vcxproj", "{5EC88673-A35A-409F-AFFD-F33783B8F7E5}"
EndProject
Project("{8BC9CEB8-8B4A-11D0-8D11-00A0C91BC942}") = "Intro to C++", "Intro to C++\Intro to C++.vcxproj", "{ADD50366-BD40-4E25-91B2-ECE1194FFDA7}"
EndProject
Project("{8BC9CEB8-8B4A-11D0-8D11-00A0C91BC942}") = "Loops", "Loops\Loops.vcxproj", "{61576C54-7F93-4326-9A29-CA9DB2144FF2}"
EndProject
Project("{8BC9CEB8-8B4A-11D0-8D11-00A0C91BC942}") = "conditional statements", "Project1\Project1.vcxproj", "{2573F579-32F7-4187-B912-3A4E3C971C0A}"
EndProject
Project("{8BC9CEB8-8B4A-11D0-8D11-00A0C91BC942}") = "variables", "vairables\vairables.vcxproj", "{F454AB16-F96A-4299-9822-7BE03BF1A0FF}"
EndProject
Project("{8BC9CEB8-8B4A-11D0-8D11-00A0C91BC942}") = "Arrays", "Arrays\Arrays.vcxproj", "{3ACFC0B9-A702-4206-8816-33AB91D1BCE3}"
EndProject
Project("{8BC9CEB8-8B4A-11D0-8D11-00A0C91BC942}") = "char array", "char array\char array.vcxproj", "{0E813207-BDFE-4CAA-A995-EB9E259496FE}"
EndProject
Project("{8BC9CEB8-8B4A-11D0-8D11-00A0C91BC942}") = "Functions", "Functions\Functions.vcxproj", "{F0BE25BC-2FBF-4123-B5D9-7DCFC908CF86}"
EndProject
Project("{8BC9CEB8-8B4A-11D0-8D11-00A0C91BC942}") = "references", "references\references.vcxproj", "{4685EA8F-72BD-4026-8329-3C98F9BF6729}"
EndProject
Project("{8BC9CEB8-8B4A-11D0-8D11-00A0C91BC942}") = "pointers1", "pointers1\pointers1.vcxproj", "{8258687F-9B62-407D-9B05-D8245EC5FD6B}"
EndProject
Project("{8BC9CEB8-8B4A-11D0-8D11-00A0C91BC942}") = "structs", "structs\structs.vcxproj", "{7599B8F2-8089-4282-A894-BB79292BFFDD}"
EndProject
Project("{8BC9CEB8-8B4A-11D0-8D11-00A0C91BC942}") = "The calllstack", "Class\Class.vcxproj", "{E5DC87D6-9F72-4EC7-BDBE-29AEFACE1CFC}"
EndProject
Project("{8BC9CEB8-8B4A-11D0-8D11-00A0C91BC942}") = "LAB00", "LAB00\LAB00.vcxproj", "{56C6C393-2253-4187-94CF-934280DCC7AF}"
EndProject
Project("{8BC9CEB8-8B4A-11D0-8D11-00A0C91BC942}") = "Inheritance", "Inheritance\Inheritance.vcxproj", "{5C5A4B30-3E8F-481B-850B-3002D0463B90}"
EndProject
Project("{8BC9CEB8-8B4A-11D0-8D11-00A0C91BC942}") = "templates", "templates\templates.vcxproj", "{018D33BB-01E3-4146-8DD7-CF70C4A9E5BF}"
EndProject
Global
	GlobalSection(SolutionConfigurationPlatforms) = preSolution
		Debug|x64 = Debug|x64
		Debug|x86 = Debug|x86
		Release|x64 = Release|x64
		Release|x86 = Release|x86
	EndGlobalSection
	GlobalSection(ProjectConfigurationPlatforms) = postSolution
		{5EC88673-A35A-409F-AFFD-F33783B8F7E5}.Debug|x64.ActiveCfg = Debug|x64
		{5EC88673-A35A-409F-AFFD-F33783B8F7E5}.Debug|x64.Build.0 = Debug|x64
		{5EC88673-A35A-409F-AFFD-F33783B8F7E5}.Debug|x86.ActiveCfg = Debug|Win32
		{5EC88673-A35A-409F-AFFD-F33783B8F7E5}.Debug|x86.Build.0 = Debug|Win32
		{5EC88673-A35A-409F-AFFD-F33783B8F7E5}.Release|x64.ActiveCfg = Release|x64
		{5EC88673-A35A-409F-AFFD-F33783B8F7E5}.Release|x64.Build.0 = Release|x64
		{5EC88673-A35A-409F-AFFD-F33783B8F7E5}.Release|x86.ActiveCfg = Release|Win32
		{5EC88673-A35A-409F-AFFD-F33783B8F7E5}.Release|x86.Build.0 = Release|Win32
		{ADD50366-BD40-4E25-91B2-ECE1194FFDA7}.Debug|x64.ActiveCfg = Debug|x64
		{ADD50366-BD40-4E25-91B2-ECE1194FFDA7}.Debug|x64.Build.0 = Debug|x64
		{ADD50366-BD40-4E25-91B2-ECE1194FFDA7}.Debug|x86.ActiveCfg = Debug|Win32
		{ADD50366-BD40-4E25-91B2-ECE1194FFDA7}.Debug|x86.Build.0 = Debug|Win32
		{ADD50366-BD40-4E25-91B2-ECE1194FFDA7}.Release|x64.ActiveCfg = Release|x64
		{ADD50366-BD40-4E25-91B2-ECE1194FFDA7}.Release|x64.Build.0 = Release|x64
		{ADD50366-BD40-4E25-91B2-ECE1194FFDA7}.Release|x86.ActiveCfg = Release|Win32
		{ADD50366-BD40-4E25-91B2-ECE1194FFDA7}.Release|x86.Build.0 = Release|Win32
		{61576C54-7F93-4326-9A29-CA9DB2144FF2}.Debug|x64.ActiveCfg = Debug|x64
		{61576C54-7F93-4326-9A29-CA9DB2144FF2}.Debug|x64.Build.0 = Debug|x64
		{61576C54-7F93-4326-9A29-CA9DB2144FF2}.Debug|x86.ActiveCfg = Debug|Win32
		{61576C54-7F93-4326-9A29-CA9DB2144FF2}.Debug|x86.Build.0 = Debug|Win32
		{61576C54-7F93-4326-9A29-CA9DB2144FF2}.Release|x64.ActiveCfg = Release|x64
		{61576C54-7F93-4326-9A29-CA9DB2144FF2}.Release|x64.Build.0 = Release|x64
		{61576C54-7F93-4326-9A29-CA9DB2144FF2}.Release|x86.ActiveCfg = Release|Win32
		{61576C54-7F93-4326-9A29-CA9DB2144FF2}.Release|x86.Build.0 = Release|Win32
		{2573F579-32F7-4187-B912-3A4E3C971C0A}.Debug|x64.ActiveCfg = Debug|x64
		{2573F579-32F7-4187-B912-3A4E3C971C0A}.Debug|x64.Build.0 = Debug|x64
		{2573F579-32F7-4187-B912-3A4E3C971C0A}.Debug|x86.ActiveCfg = Debug|Win32
		{2573F579-32F7-4187-B912-3A4E3C971C0A}.Debug|x86.Build.0 = Debug|Win32
		{2573F579-32F7-4187-B912-3A4E3C971C0A}.Release|x64.ActiveCfg = Release|x64
		{2573F579-32F7-4187-B912-3A4E3C971C0A}.Release|x64.Build.0 = Release|x64
		{2573F579-32F7-4187-B912-3A4E3C971C0A}.Release|x86.ActiveCfg = Release|Win32
		{2573F579-32F7-4187-B912-3A4E3C971C0A}.Release|x86.Build.0 = Release|Win32
		{F454AB16-F96A-4299-9822-7BE03BF1A0FF}.Debug|x64.ActiveCfg = Debug|x64
		{F454AB16-F96A-4299-9822-7BE03BF1A0FF}.Debug|x64.Build.0 = Debug|x64
		{F454AB16-F96A-4299-9822-7BE03BF1A0FF}.Debug|x86.ActiveCfg = Debug|Win32
		{F454AB16-F96A-4299-9822-7BE03BF1A0FF}.Debug|x86.Build.0 = Debug|Win32
		{F454AB16-F96A-4299-9822-7BE03BF1A0FF}.Release|x64.ActiveCfg = Release|x64
		{F454AB16-F96A-4299-9822-7BE03BF1A0FF}.Release|x64.Build.0 = Release|x64
		{F454AB16-F96A-4299-9822-7BE03BF1A0FF}.Release|x86.ActiveCfg = Release|Win32
		{F454AB16-F96A-4299-9822-7BE03BF1A0FF}.Release|x86.Build.0 = Release|Win32
		{3ACFC0B9-A702-4206-8816-33AB91D1BCE3}.Debug|x64.ActiveCfg = Debug|x64
		{3ACFC0B9-A702-4206-8816-33AB91D1BCE3}.Debug|x64.Build.0 = Debug|x64
		{3ACFC0B9-A702-4206-8816-33AB91D1BCE3}.Debug|x86.ActiveCfg = Debug|Win32
		{3ACFC0B9-A702-4206-8816-33AB91D1BCE3}.Debug|x86.Build.0 = Debug|Win32
		{3ACFC0B9-A702-4206-8816-33AB91D1BCE3}.Release|x64.ActiveCfg = Release|x64
		{3ACFC0B9-A702-4206-8816-33AB91D1BCE3}.Release|x64.Build.0 = Release|x64
		{3ACFC0B9-A702-4206-8816-33AB91D1BCE3}.Release|x86.ActiveCfg = Release|Win32
		{3ACFC0B9-A702-4206-8816-33AB91D1BCE3}.Release|x86.Build.0 = Release|Win32
		{0E813207-BDFE-4CAA-A995-EB9E259496FE}.Debug|x64.ActiveCfg = Debug|x64
		{0E813207-BDFE-4CAA-A995-EB9E259496FE}.Debug|x64.Build.0 = Debug|x64
		{0E813207-BDFE-4CAA-A995-EB9E259496FE}.Debug|x86.ActiveCfg = Debug|Win32
		{0E813207-BDFE-4CAA-A995-EB9E259496FE}.Debug|x86.Build.0 = Debug|Win32
		{0E813207-BDFE-4CAA-A995-EB9E259496FE}.Release|x64.ActiveCfg = Release|x64
		{0E813207-BDFE-4CAA-A995-EB9E259496FE}.Release|x64.Build.0 = Release|x64
		{0E813207-BDFE-4CAA-A995-EB9E259496FE}.Release|x86.ActiveCfg = Release|Win32
		{0E813207-BDFE-4CAA-A995-EB9E259496FE}.Release|x86.Build.0 = Release|Win32
		{F0BE25BC-2FBF-4123-B5D9-7DCFC908CF86}.Debug|x64.ActiveCfg = Debug|x64
		{F0BE25BC-2FBF-4123-B5D9-7DCFC908CF86}.Debug|x64.Build.0 = Debug|x64
		{F0BE25BC-2FBF-4123-B5D9-7DCFC908CF86}.Debug|x86.ActiveCfg = Debug|Win32
		{F0BE25BC-2FBF-4123-B5D9-7DCFC908CF86}.Debug|x86.Build.0 = Debug|Win32
		{F0BE25BC-2FBF-4123-B5D9-7DCFC908CF86}.Release|x64.ActiveCfg = Release|x64
		{F0BE25BC-2FBF-4123-B5D9-7DCFC908CF86}.Release|x64.Build.0 = Release|x64
		{F0BE25BC-2FBF-4123-B5D9-7DCFC908CF86}.Release|x86.ActiveCfg = Release|Win32
		{F0BE25BC-2FBF-4123-B5D9-7DCFC908CF86}.Release|x86.Build.0 = Release|Win32
		{4685EA8F-72BD-4026-8329-3C98F9BF6729}.Debug|x64.ActiveCfg = Debug|x64
		{4685EA8F-72BD-4026-8329-3C98F9BF6729}.Debug|x64.Build.0 = Debug|x64
		{4685EA8F-72BD-4026-8329-3C98F9BF6729}.Debug|x86.ActiveCfg = Debug|Win32
		{4685EA8F-72BD-4026-8329-3C98F9BF6729}.Debug|x86.Build.0 = Debug|Win32
		{4685EA8F-72BD-4026-8329-3C98F9BF6729}.Release|x64.ActiveCfg = Release|x64
		{4685EA8F-72BD-4026-8329-3C98F9BF6729}.Release|x64.Build.0 = Release|x64
		{4685EA8F-72BD-4026-8329-3C98F9BF6729}.Release|x86.ActiveCfg = Release|Win32
		{4685EA8F-72BD-4026-8329-3C98F9BF6729}.Release|x86.Build.0 = Release|Win32
		{8258687F-9B62-407D-9B05-D8245EC5FD6B}.Debug|x64.ActiveCfg = Debug|x64
		{8258687F-9B62-407D-9B05-D8245EC5FD6B}.Debug|x64.Build.0 = Debug|x64
		{8258687F-9B62-407D-9B05-D8245EC5FD6B}.Debug|x86.ActiveCfg = Debug|Win32
		{8258687F-9B62-407D-9B05-D8245EC5FD6B}.Debug|x86.Build.0 = Debug|Win32
		{8258687F-9B62-407D-9B05-D8245EC5FD6B}.Release|x64.ActiveCfg = Release|x64
		{8258687F-9B62-407D-9B05-D8245EC5FD6B}.Release|x64.Build.0 = Release|x64
		{8258687F-9B62-407D-9B05-D8245EC5FD6B}.Release|x86.ActiveCfg = Release|Win32
		{8258687F-9B62-407D-9B05-D8245EC5FD6B}.Release|x86.Build.0 = Release|Win32
		{7599B8F2-8089-4282-A894-BB79292BFFDD}.Debug|x64.ActiveCfg = Debug|x64
		{7599B8F2-8089-4282-A894-BB79292BFFDD}.Debug|x64.Build.0 = Debug|x64
		{7599B8F2-8089-4282-A894-BB79292BFFDD}.Debug|x86.ActiveCfg = Debug|Win32
		{7599B8F2-8089-4282-A894-BB79292BFFDD}.Debug|x86.Build.0 = Debug|Win32
		{7599B8F2-8089-4282-A894-BB79292BFFDD}.Release|x64.ActiveCfg = Release|x64
		{7599B8F2-8089-4282-A894-BB79292BFFDD}.Release|x64.Build.0 = Release|x64
		{7599B8F2-8089-4282-A894-BB79292BFFDD}.Release|x86.ActiveCfg = Release|Win32
		{7599B8F2-8089-4282-A894-BB79292BFFDD}.Release|x86.Build.0 = Release|Win32
		{E5DC87D6-9F72-4EC7-BDBE-29AEFACE1CFC}.Debug|x64.ActiveCfg = Debug|x64
		{E5DC87D6-9F72-4EC7-BDBE-29AEFACE1CFC}.Debug|x64.Build.0 = Debug|x64
		{E5DC87D6-9F72-4EC7-BDBE-29AEFACE1CFC}.Debug|x86.ActiveCfg = Debug|Win32
		{E5DC87D6-9F72-4EC7-BDBE-29AEFACE1CFC}.Debug|x86.Build.0 = Debug|Win32
		{E5DC87D6-9F72-4EC7-BDBE-29AEFACE1CFC}.Release|x64.ActiveCfg = Release|x64
		{E5DC87D6-9F72-4EC7-BDBE-29AEFACE1CFC}.Release|x64.Build.0 = Release|x64
		{E5DC87D6-9F72-4EC7-BDBE-29AEFACE1CFC}.Release|x86.ActiveCfg = Release|Win32
		{E5DC87D6-9F72-4EC7-BDBE-29AEFACE1CFC}.Release|x86.Build.0 = Release|Win32
		{56C6C393-2253-4187-94CF-934280DCC7AF}.Debug|x64.ActiveCfg = Debug|x64
		{56C6C393-2253-4187-94CF-934280DCC7AF}.Debug|x64.Build.0 = Debug|x64
		{56C6C393-2253-4187-94CF-934280DCC7AF}.Debug|x86.ActiveCfg = Debug|Win32
		{56C6C393-2253-4187-94CF-934280DCC7AF}.Debug|x86.Build.0 = Debug|Win32
		{56C6C393-2253-4187-94CF-934280DCC7AF}.Release|x64.ActiveCfg = Release|x64
		{56C6C393-2253-4187-94CF-934280DCC7AF}.Release|x64.Build.0 = Release|x64
		{56C6C393-2253-4187-94CF-934280DCC7AF}.Release|x86.ActiveCfg = Release|Win32
		{56C6C393-2253-4187-94CF-934280DCC7AF}.Release|x86.Build.0 = Release|Win32
		{5C5A4B30-3E8F-481B-850B-3002D0463B90}.Debug|x64.ActiveCfg = Debug|x64
		{5C5A4B30-3E8F-481B-850B-3002D0463B90}.Debug|x64.Build.0 = Debug|x64
		{5C5A4B30-3E8F-481B-850B-3002D0463B90}.Debug|x86.ActiveCfg = Debug|Win32
		{5C5A4B30-3E8F-481B-850B-3002D0463B90}.Debug|x86.Build.0 = Debug|Win32
		{5C5A4B30-3E8F-481B-850B-3002D0463B90}.Release|x64.ActiveCfg = Release|x64
		{5C5A4B30-3E8F-481B-850B-3002D0463B90}.Release|x64.Build.0 = Release|x64
		{5C5A4B30-3E8F-481B-850B-3002D0463B90}.Release|x86.ActiveCfg = Release|Win32
		{5C5A4B30-3E8F-481B-850B-3002D0463B90}.Release|x86.Build.0 = Release|Win32
		{018D33BB-01E3-4146-8DD7-CF70C4A9E5BF}.Debug|x64.ActiveCfg = Debug|x64
		{018D33BB-01E3-4146-8DD7-CF70C4A9E5BF}.Debug|x64.Build.0 = Debug|x64
		{018D33BB-01E3-4146-8DD7-CF70C4A9E5BF}.Debug|x86.ActiveCfg = Debug|Win32
		{018D33BB-01E3-4146-8DD7-CF70C4A9E5BF}.Debug|x86.Build.0 = Debug|Win32
		{018D33BB-01E3-4146-8DD7-CF70C4A9E5BF}.Release|x64.ActiveCfg = Release|x64
		{018D33BB-01E3-4146-8DD7-CF70C4A9E5BF}.Release|x64.Build.0 = Release|x64
		{018D33BB-01E3-4146-8DD7-CF70C4A9E5BF}.Release|x86.ActiveCfg = Release|Win32
		{018D33BB-01E3-4146-8DD7-CF70C4A9E5BF}.Release|x86.Build.0 = Release|Win32
	EndGlobalSection
	GlobalSection(SolutionProperties) = preSolution
		HideSolutionNode = FALSE
	EndGlobalSection
	GlobalSection(ExtensibilityGlobals) = postSolution
		SolutionGuid = {4B959EDA-6F07-4F11-AC58-60DD82D88D86}
	EndGlobalSection
EndGlobal
